
Microsoft Visual Studio Solution File, Format Version 12.00
# Visual Studio 15
VisualStudioVersion = 15.0.28307.106
MinimumVisualStudioVersion = 10.0.40219.1
Project("{00D1A9C2-B5F0-4AF3-8072-F6C62B433612}") = "TimeKeeperDB", "TimeKeeperDB\TimeKeeperDB.sqlproj", "{CB0FFE19-6B4F-41C8-86A4-A8D39F2298A0}"
EndProject
Project("{FAE04EC0-301F-11D3-BF4B-00C04F79EFBC}") = "TimekeeperWeb", "TimekeeperWeb\TimekeeperWeb.csproj", "{A8177950-FF5A-422F-9668-EFEEC428E906}"
EndProject
Project("{FAE04EC0-301F-11D3-BF4B-00C04F79EFBC}") = "TimekeeperService", "TimekeeperService\TimekeeperService.csproj", "{82755427-F307-4BB8-BFB3-505ACBBAA55A}"
EndProject
Global
	GlobalSection(SolutionConfigurationPlatforms) = preSolution
		Debug|Any CPU = Debug|Any CPU
		Release|Any CPU = Release|Any CPU
	EndGlobalSection
	GlobalSection(ProjectConfigurationPlatforms) = postSolution
		{CB0FFE19-6B4F-41C8-86A4-A8D39F2298A0}.Debug|Any CPU.ActiveCfg = Debug|Any CPU
		{CB0FFE19-6B4F-41C8-86A4-A8D39F2298A0}.Debug|Any CPU.Build.0 = Debug|Any CPU
		{CB0FFE19-6B4F-41C8-86A4-A8D39F2298A0}.Debug|Any CPU.Deploy.0 = Debug|Any CPU
		{CB0FFE19-6B4F-41C8-86A4-A8D39F2298A0}.Release|Any CPU.ActiveCfg = Release|Any CPU
		{CB0FFE19-6B4F-41C8-86A4-A8D39F2298A0}.Release|Any CPU.Build.0 = Release|Any CPU
		{CB0FFE19-6B4F-41C8-86A4-A8D39F2298A0}.Release|Any CPU.Deploy.0 = Release|Any CPU
		{A8177950-FF5A-422F-9668-EFEEC428E906}.Debug|Any CPU.ActiveCfg = Debug|Any CPU
		{A8177950-FF5A-422F-9668-EFEEC428E906}.Debug|Any CPU.Build.0 = Debug|Any CPU
		{A8177950-FF5A-422F-9668-EFEEC428E906}.Release|Any CPU.ActiveCfg = Release|Any CPU
		{A8177950-FF5A-422F-9668-EFEEC428E906}.Release|Any CPU.Build.0 = Release|Any CPU
		{82755427-F307-4BB8-BFB3-505ACBBAA55A}.Debug|Any CPU.ActiveCfg = Debug|Any CPU
		{82755427-F307-4BB8-BFB3-505ACBBAA55A}.Debug|Any CPU.Build.0 = Debug|Any CPU
		{82755427-F307-4BB8-BFB3-505ACBBAA55A}.Release|Any CPU.ActiveCfg = Release|Any CPU
		{82755427-F307-4BB8-BFB3-505ACBBAA55A}.Release|Any CPU.Build.0 = Release|Any CPU
	EndGlobalSection
	GlobalSection(SolutionProperties) = preSolution
		HideSolutionNode = FALSE
	EndGlobalSection
	GlobalSection(ExtensibilityGlobals) = postSolution
		SolutionGuid = {0BE6EB48-BE99-4FDD-B77E-B171785F5B5F}
	EndGlobalSection
EndGlobal
